{
  "name": "proto-plugins",
  "version": "1.0.0",
  "lockfileVersion": 3,
  "requires": true,
  "packages": {
    "": {
      "name": "proto-plugins",
      "version": "1.0.0",
      "dependencies": {
        "consola": "^3.4.2",
        "poku": "^3.0.2"
      },
      "devDependencies": {
        "fast-check": "^4.1.1",
        "quibble": "^0.9.2"
      },
      "engines": {
        "node": ">=22.6.0"
      }
    },
    "node_modules/consola": {
      "version": "3.4.2",
      "license": "MIT",
      "engines": {
        "node": "^14.18.0 || >=16.10.0"
      }
    },
    "node_modules/fast-check": {
      "version": "4.1.1",
      "resolved": "https://registry.npmjs.org/fast-check/-/fast-check-4.1.1.tgz",
      "integrity": "sha512-8+yQYeNYqBfWem0Nmm7BUnh27wm+qwGvI0xln60c8RPM5rVekxZf/Ildng2GNBfjaG6utIebFmVBPlNtZlBLxg==",
      "dev": true,
      "funding": [
        {
          "type": "individual",
          "url": "https://github.com/sponsors/dubzzz"
        },
        {
          "type": "opencollective",
          "url": "https://opencollective.com/fast-check"
        }
      ],
      "license": "MIT",
      "dependencies": {
        "pure-rand": "^7.0.0"
      },
      "engines": {
        "node": ">=12.17.0"
      }
    },
    "node_modules/function-bind": {
      "version": "1.1.2",
      "dev": true,
      "license": "MIT",
      "funding": {
        "url": "https://github.com/sponsors/ljharb"
      }
    },
    "node_modules/hasown": {
      "version": "2.0.2",
      "dev": true,
      "license": "MIT",
      "dependencies": {
        "function-bind": "^1.1.2"
      },
      "engines": {
        "node": ">= 0.4"
      }
    },
    "node_modules/is-core-module": {
      "version": "2.16.1",
      "dev": true,
      "license": "MIT",
      "dependencies": {
        "hasown": "^2.0.2"
      },
      "engines": {
        "node": ">= 0.4"
      },
      "funding": {
        "url": "https://github.com/sponsors/ljharb"
      }
    },
    "node_modules/lodash": {
      "version": "4.17.21",
      "dev": true,
      "license": "MIT"
    },
    "node_modules/path-parse": {
      "version": "1.0.7",
      "dev": true,
      "license": "MIT"
    },
    "node_modules/poku": {
      "version": "3.0.2",
      "license": "MIT",
      "bin": {
        "poku": "lib/bin/index.js"
      },
      "engines": {
        "bun": ">=1.x.x",
        "deno": ">=1.x.x",
        "node": ">=14.x.x",
        "typescript": ">=5.x.x"
      },
      "funding": {
        "type": "github",
        "url": "https://github.com/sponsors/wellwelwel"
      }
    },
    "node_modules/pure-rand": {
      "version": "7.0.1",
      "resolved": "https://registry.npmjs.org/pure-rand/-/pure-rand-7.0.1.tgz",
      "integrity": "sha512-oTUZM/NAZS8p7ANR3SHh30kXB+zK2r2BPcEn/awJIbOvq82WoMN4p62AWWp3Hhw50G0xMsw1mhIBLqHw64EcNQ==",
      "dev": true,
      "funding": [
        {
          "type": "individual",
          "url": "https://github.com/sponsors/dubzzz"
        },
        {
          "type": "opencollective",
          "url": "https://opencollective.com/fast-check"
        }
      ],
      "license": "MIT"
    },
    "node_modules/quibble": {
      "version": "0.9.2",
      "dev": true,
      "license": "MIT",
      "dependencies": {
        "lodash": "^4.17.21",
        "resolve": "^1.22.8"
      },
      "engines": {
        "node": ">= 0.14.0"
      }
    },
    "node_modules/resolve": {
      "version": "1.22.10",
      "dev": true,
      "license": "MIT",
      "dependencies": {
        "is-core-module": "^2.16.0",
        "path-parse": "^1.0.7",
        "supports-preserve-symlinks-flag": "^1.0.0"
      },
      "bin": {
        "resolve": "bin/resolve"
      },
      "engines": {
        "node": ">= 0.4"
      },
      "funding": {
        "url": "https://github.com/sponsors/ljharb"
      }
    },
    "node_modules/supports-preserve-symlinks-flag": {
      "version": "1.0.0",
      "dev": true,
      "license": "MIT",
      "engines": {
        "node": ">= 0.4"
      },
      "funding": {
        "url": "https://github.com/sponsors/ljharb"
      }
    }
  }
}
